
Microsoft Visual Studio Solution File, Format Version 12.00
Project("{FAE04EC0-301F-11D3-BF4B-00C04F79EFBC}") = "TokenizedFuzzyGroup", "TokenizedFuzzyGroup.csproj", "{D588A4A4-6C39-47AB-9D15-84C4D3D82A09}"
EndProject
Global
	GlobalSection(SolutionConfigurationPlatforms) = preSolution
		Debug|Any CPU = Debug|Any CPU
		Release|Any CPU = Release|Any CPU
	EndGlobalSection
	GlobalSection(ProjectConfigurationPlatforms) = postSolution
		{D588A4A4-6C39-47AB-9D15-84C4D3D82A09}.Debug|Any CPU.ActiveCfg = Debug|Any CPU
		{D588A4A4-6C39-47AB-9D15-84C4D3D82A09}.Debug|Any CPU.Build.0 = Debug|Any CPU
		{D588A4A4-6C39-47AB-9D15-84C4D3D82A09}.Release|Any CPU.ActiveCfg = Release|Any CPU
		{D588A4A4-6C39-47AB-9D15-84C4D3D82A09}.Release|Any CPU.Build.0 = Release|Any CPU
	EndGlobalSection
EndGlobal
